
Microsoft Visual Studio Solution File, Format Version 12.00
# Visual Studio 15
Project("{FAE04EC0-301F-11D3-BF4B-00C04F79EFBC}") = "AgoraRtcSDK", "AgoraRtcSDK.csproj", "{76C5925F-3CF6-344A-D224-7DAD0865BB5E}"
EndProject
Project("{FAE04EC0-301F-11D3-BF4B-00C04F79EFBC}") = "Assembly-CSharp", "Assembly-CSharp.csproj", "{AB442337-82AA-9032-5D76-E9E64916DE83}"
EndProject
Project("{FAE04EC0-301F-11D3-BF4B-00C04F79EFBC}") = "Assembly-CSharp-Editor", "Assembly-CSharp-Editor.csproj", "{14728F56-D0E0-E755-D6B6-31D1ED5D000F}"
EndProject
Global
	GlobalSection(SolutionConfigurationPlatforms) = preSolution
		Debug|Any CPU = Debug|Any CPU
		Release|Any CPU = Release|Any CPU
	EndGlobalSection
	GlobalSection(ProjectConfigurationPlatforms) = postSolution
		{76C5925F-3CF6-344A-D224-7DAD0865BB5E}.Debug|Any CPU.ActiveCfg = Debug|Any CPU
		{76C5925F-3CF6-344A-D224-7DAD0865BB5E}.Debug|Any CPU.Build.0 = Debug|Any CPU
		{76C5925F-3CF6-344A-D224-7DAD0865BB5E}.Release|Any CPU.ActiveCfg = Release|Any CPU
		{76C5925F-3CF6-344A-D224-7DAD0865BB5E}.Release|Any CPU.Build.0 = Release|Any CPU
		{AB442337-82AA-9032-5D76-E9E64916DE83}.Debug|Any CPU.ActiveCfg = Debug|Any CPU
		{AB442337-82AA-9032-5D76-E9E64916DE83}.Debug|Any CPU.Build.0 = Debug|Any CPU
		{AB442337-82AA-9032-5D76-E9E64916DE83}.Release|Any CPU.ActiveCfg = Release|Any CPU
		{AB442337-82AA-9032-5D76-E9E64916DE83}.Release|Any CPU.Build.0 = Release|Any CPU
		{14728F56-D0E0-E755-D6B6-31D1ED5D000F}.Debug|Any CPU.ActiveCfg = Debug|Any CPU
		{14728F56-D0E0-E755-D6B6-31D1ED5D000F}.Debug|Any CPU.Build.0 = Debug|Any CPU
		{14728F56-D0E0-E755-D6B6-31D1ED5D000F}.Release|Any CPU.ActiveCfg = Release|Any CPU
		{14728F56-D0E0-E755-D6B6-31D1ED5D000F}.Release|Any CPU.Build.0 = Release|Any CPU
	EndGlobalSection
	GlobalSection(SolutionProperties) = preSolution
		HideSolutionNode = FALSE
	EndGlobalSection
EndGlobal
